
Microsoft Visual Studio Solution File, Format Version 12.00
# Visual Studio Version 17
VisualStudioVersion = 17.3.32929.385
MinimumVisualStudioVersion = 10.0.40219.1
Project("{FAE04EC0-301F-11D3-BF4B-00C04F79EFBC}") = "Logistic.UILayer", "Logistic.UILayer\Logistic.UILayer.csproj", "{B373F374-7308-4AC0-9ECA-A446CECABFFD}"
EndProject
Global
	GlobalSection(SolutionConfigurationPlatforms) = preSolution
		Debug|Any CPU = Debug|Any CPU
		Release|Any CPU = Release|Any CPU
	EndGlobalSection
	GlobalSection(ProjectConfigurationPlatforms) = postSolution
		{B373F374-7308-4AC0-9ECA-A446CECABFFD}.Debug|Any CPU.ActiveCfg = Debug|Any CPU
		{B373F374-7308-4AC0-9ECA-A446CECABFFD}.Debug|Any CPU.Build.0 = Debug|Any CPU
		{B373F374-7308-4AC0-9ECA-A446CECABFFD}.Release|Any CPU.ActiveCfg = Release|Any CPU
		{B373F374-7308-4AC0-9ECA-A446CECABFFD}.Release|Any CPU.Build.0 = Release|Any CPU
	EndGlobalSection
	GlobalSection(SolutionProperties) = preSolution
		HideSolutionNode = FALSE
	EndGlobalSection
	GlobalSection(ExtensibilityGlobals) = postSolution
		SolutionGuid = {D47D7AB8-DA33-4986-97D2-DFA6F1A3346B}
	EndGlobalSection
EndGlobal
